
Microsoft Visual Studio Solution File, Format Version 12.00
# Visual Studio Version 17
VisualStudioVersion = 17.2.32516.85
MinimumVisualStudioVersion = 10.0.40219.1
Project("{FAE04EC0-301F-11D3-BF4B-00C04F79EFBC}") = "TaskCmdLineManager", "TaskCmdLineManager\TaskCmdLineManager.csproj", "{84BC61F2-8E57-4FA1-A5C6-6B8A49C67D92}"
EndProject
Global
	GlobalSection(SolutionConfigurationPlatforms) = preSolution
		Debug|Any CPU = Debug|Any CPU
		Release|Any CPU = Release|Any CPU
	EndGlobalSection
	GlobalSection(ProjectConfigurationPlatforms) = postSolution
		{84BC61F2-8E57-4FA1-A5C6-6B8A49C67D92}.Debug|Any CPU.ActiveCfg = Debug|Any CPU
		{84BC61F2-8E57-4FA1-A5C6-6B8A49C67D92}.Debug|Any CPU.Build.0 = Debug|Any CPU
		{84BC61F2-8E57-4FA1-A5C6-6B8A49C67D92}.Release|Any CPU.ActiveCfg = Release|Any CPU
		{84BC61F2-8E57-4FA1-A5C6-6B8A49C67D92}.Release|Any CPU.Build.0 = Release|Any CPU
	EndGlobalSection
	GlobalSection(SolutionProperties) = preSolution
		HideSolutionNode = FALSE
	EndGlobalSection
	GlobalSection(ExtensibilityGlobals) = postSolution
		SolutionGuid = {2FA70CF2-F278-4C9A-B3C1-2EB1B653B972}
	EndGlobalSection
EndGlobal
